
Microsoft Visual Studio Solution File, Format Version 12.00
# Visual Studio Version 17
VisualStudioVersion = 17.6.33801.468
MinimumVisualStudioVersion = 10.0.40219.1
Project("{FAE04EC0-301F-11D3-BF4B-00C04F79EFBC}") = "MoodAnalyserProblem", "MoodAnalyserProblem.csproj", "{9FFD47B3-DE4E-4284-B35E-C8C2911EF2C2}"
EndProject
Project("{FAE04EC0-301F-11D3-BF4B-00C04F79EFBC}") = "MoodAnalyser_Tests", "..\MoodAnalyser_Tests\MoodAnalyser_Tests.csproj", "{A1B8DC6C-8ABC-4F94-80D7-9E4DCD072ACC}"
EndProject
Project("{FAE04EC0-301F-11D3-BF4B-00C04F79EFBC}") = "MoodAnalyser_Test", "..\MoodAnalyser_Test\MoodAnalyser_Test.csproj", "{F8D986BB-CEB7-47B3-815E-659FD136B2C1}"
EndProject
Global
	GlobalSection(SolutionConfigurationPlatforms) = preSolution
		Debug|Any CPU = Debug|Any CPU
		Release|Any CPU = Release|Any CPU
	EndGlobalSection
	GlobalSection(ProjectConfigurationPlatforms) = postSolution
		{9FFD47B3-DE4E-4284-B35E-C8C2911EF2C2}.Debug|Any CPU.ActiveCfg = Debug|Any CPU
		{9FFD47B3-DE4E-4284-B35E-C8C2911EF2C2}.Debug|Any CPU.Build.0 = Debug|Any CPU
		{9FFD47B3-DE4E-4284-B35E-C8C2911EF2C2}.Release|Any CPU.ActiveCfg = Release|Any CPU
		{9FFD47B3-DE4E-4284-B35E-C8C2911EF2C2}.Release|Any CPU.Build.0 = Release|Any CPU
		{A1B8DC6C-8ABC-4F94-80D7-9E4DCD072ACC}.Debug|Any CPU.ActiveCfg = Debug|Any CPU
		{A1B8DC6C-8ABC-4F94-80D7-9E4DCD072ACC}.Debug|Any CPU.Build.0 = Debug|Any CPU
		{A1B8DC6C-8ABC-4F94-80D7-9E4DCD072ACC}.Release|Any CPU.ActiveCfg = Release|Any CPU
		{A1B8DC6C-8ABC-4F94-80D7-9E4DCD072ACC}.Release|Any CPU.Build.0 = Release|Any CPU
		{F8D986BB-CEB7-47B3-815E-659FD136B2C1}.Debug|Any CPU.ActiveCfg = Debug|Any CPU
		{F8D986BB-CEB7-47B3-815E-659FD136B2C1}.Debug|Any CPU.Build.0 = Debug|Any CPU
		{F8D986BB-CEB7-47B3-815E-659FD136B2C1}.Release|Any CPU.ActiveCfg = Release|Any CPU
		{F8D986BB-CEB7-47B3-815E-659FD136B2C1}.Release|Any CPU.Build.0 = Release|Any CPU
	EndGlobalSection
	GlobalSection(SolutionProperties) = preSolution
		HideSolutionNode = FALSE
	EndGlobalSection
	GlobalSection(ExtensibilityGlobals) = postSolution
		SolutionGuid = {4921D98C-8B29-47B8-8682-634E96572E87}
	EndGlobalSection
EndGlobal
